
Microsoft Visual Studio Solution File, Format Version 12.00
# Visual Studio Version 16
VisualStudioVersion = 16.0.32602.291
MinimumVisualStudioVersion = 10.0.40219.1
Project("{C9674DCB-5085-4A16-B785-4C70DD1589BD}") = "Bikez", "Bikez\Bikez.dtproj", "{5945B252-3DFF-4860-891A-615629EE6C5D}"
EndProject
Global
	GlobalSection(SolutionConfigurationPlatforms) = preSolution
		Development|Default = Development|Default
	EndGlobalSection
	GlobalSection(ProjectConfigurationPlatforms) = postSolution
		{5945B252-3DFF-4860-891A-615629EE6C5D}.Development|Default.ActiveCfg = Development
		{5945B252-3DFF-4860-891A-615629EE6C5D}.Development|Default.Build.0 = Development
	EndGlobalSection
	GlobalSection(SolutionProperties) = preSolution
		HideSolutionNode = FALSE
	EndGlobalSection
	GlobalSection(ExtensibilityGlobals) = postSolution
		SolutionGuid = {87876340-9541-443F-8B94-16B1F1E55ECE}
	EndGlobalSection
EndGlobal
