
Microsoft Visual Studio Solution File, Format Version 12.00
# Visual Studio Version 16
VisualStudioVersion = 16.0.32602.291
MinimumVisualStudioVersion = 10.0.40219.1
Project("{D2ABAB84-BF74-430A-B69E-9DC6D40DDA17}") = "prueba 3", "prueba 3.dwproj", "{C352AA57-6145-4DF9-9962-D70B91079447}"
EndProject
Global
	GlobalSection(SolutionConfigurationPlatforms) = preSolution
		Development|Default = Development|Default
	EndGlobalSection
	GlobalSection(ProjectConfigurationPlatforms) = postSolution
		{C352AA57-6145-4DF9-9962-D70B91079447}.Development|Default.ActiveCfg = Development
		{C352AA57-6145-4DF9-9962-D70B91079447}.Development|Default.Build.0 = Development
		{C352AA57-6145-4DF9-9962-D70B91079447}.Development|Default.Deploy.0 = Development
	EndGlobalSection
	GlobalSection(SolutionProperties) = preSolution
		HideSolutionNode = FALSE
	EndGlobalSection
	GlobalSection(ExtensibilityGlobals) = postSolution
		SolutionGuid = {D153AD87-824A-4978-93F5-F096C14A88B6}
	EndGlobalSection
EndGlobal
